
Microsoft Visual Studio Solution File, Format Version 12.00
# Visual Studio Version 17
VisualStudioVersion = 17.8.34309.116
MinimumVisualStudioVersion = 10.0.40219.1
Project("{FAE04EC0-301F-11D3-BF4B-00C04F79EFBC}") = "ChatGnocchiPastaTransformer", "ChatGnocchiPastaTransformer.csproj", "{9B977519-7B38-489A-862B-56EE504E2E59}"
EndProject
Global
	GlobalSection(SolutionConfigurationPlatforms) = preSolution
		Debug|Any CPU = Debug|Any CPU
		Release|Any CPU = Release|Any CPU
	EndGlobalSection
	GlobalSection(ProjectConfigurationPlatforms) = postSolution
		{9B977519-7B38-489A-862B-56EE504E2E59}.Debug|Any CPU.ActiveCfg = Debug|Any CPU
		{9B977519-7B38-489A-862B-56EE504E2E59}.Debug|Any CPU.Build.0 = Debug|Any CPU
		{9B977519-7B38-489A-862B-56EE504E2E59}.Release|Any CPU.ActiveCfg = Release|Any CPU
		{9B977519-7B38-489A-862B-56EE504E2E59}.Release|Any CPU.Build.0 = Release|Any CPU
	EndGlobalSection
	GlobalSection(SolutionProperties) = preSolution
		HideSolutionNode = FALSE
	EndGlobalSection
	GlobalSection(ExtensibilityGlobals) = postSolution
		SolutionGuid = {3B2855C6-7716-4E30-8CC0-46E39504C8B9}
	EndGlobalSection
EndGlobal
